// !$*UTF8*$!
{
	archiveVersion = 1;
	classes = {
	};
	objectVersion = 51;
	objects = {

/* Begin PBXBuildFile section */
		226724C685BC8F67D4E8832F /* Pods_IChatVIP.framework in Frameworks */ = {isa = PBXBuildFile; fileRef = 02B27F2B03F79F3A993B561F /* Pods_IChatVIP.framework */; };
		D7BD0A9D260E9CF700744F06 /* AuthService.swift in Sources */ = {isa = PBXBuildFile; fileRef = D7BD0A9C260E9CF700744F06 /* AuthService.swift */; };
		D7BD0AA0260E9FB600744F06 /* UIViewController + Extension.swift in Sources */ = {isa = PBXBuildFile; fileRef = D7BD0A9F260E9FB600744F06 /* UIViewController + Extension.swift */; };
		D7BD0ABA260FD8F400744F06 /* AuthVipPresenter.swift in Sources */ = {isa = PBXBuildFile; fileRef = D7BD0AB3260FD8F400744F06 /* AuthVipPresenter.swift */; };
		D7BD0ABB260FD8F400744F06 /* AuthVipWorker.swift in Sources */ = {isa = PBXBuildFile; fileRef = D7BD0AB4260FD8F400744F06 /* AuthVipWorker.swift */; };
		D7BD0ABC260FD8F400744F06 /* AuthVipRouter.swift in Sources */ = {isa = PBXBuildFile; fileRef = D7BD0AB5260FD8F400744F06 /* AuthVipRouter.swift */; };
		D7BD0ABD260FD8F400744F06 /* AuthVipModels.swift in Sources */ = {isa = PBXBuildFile; fileRef = D7BD0AB6260FD8F400744F06 /* AuthVipModels.swift */; };
		D7BD0ABE260FD8F400744F06 /* AuthVipViewController.swift in Sources */ = {isa = PBXBuildFile; fileRef = D7BD0AB7260FD8F400744F06 /* AuthVipViewController.swift */; };
		D7BD0ABF260FD8F400744F06 /* AuthVipInteractor.swift in Sources */ = {isa = PBXBuildFile; fileRef = D7BD0AB8260FD8F400744F06 /* AuthVipInteractor.swift */; };
		D7BD0ACC260FE10C00744F06 /* SignUpVipPresenter.swift in Sources */ = {isa = PBXBuildFile; fileRef = D7BD0AC5260FE10C00744F06 /* SignUpVipPresenter.swift */; };
		D7BD0ACD260FE10C00744F06 /* SignUpVipWorker.swift in Sources */ = {isa = PBXBuildFile; fileRef = D7BD0AC6260FE10C00744F06 /* SignUpVipWorker.swift */; };
		D7BD0ACE260FE10C00744F06 /* SignUpVipRouter.swift in Sources */ = {isa = PBXBuildFile; fileRef = D7BD0AC7260FE10C00744F06 /* SignUpVipRouter.swift */; };
		D7BD0ACF260FE10C00744F06 /* SignUpVipModels.swift in Sources */ = {isa = PBXBuildFile; fileRef = D7BD0AC8260FE10C00744F06 /* SignUpVipModels.swift */; };
		D7BD0AD0260FE10D00744F06 /* SignUpVipViewController.swift in Sources */ = {isa = PBXBuildFile; fileRef = D7BD0AC9260FE10C00744F06 /* SignUpVipViewController.swift */; };
		D7BD0AD1260FE10D00744F06 /* SignUpVipInteractor.swift in Sources */ = {isa = PBXBuildFile; fileRef = D7BD0ACA260FE10C00744F06 /* SignUpVipInteractor.swift */; };
		D7BD0ADE260FE47000744F06 /* LoginVipPresenter.swift in Sources */ = {isa = PBXBuildFile; fileRef = D7BD0AD7260FE47000744F06 /* LoginVipPresenter.swift */; };
		D7BD0ADF260FE47000744F06 /* LoginVipWorker.swift in Sources */ = {isa = PBXBuildFile; fileRef = D7BD0AD8260FE47000744F06 /* LoginVipWorker.swift */; };
		D7BD0AE0260FE47000744F06 /* LoginVipRouter.swift in Sources */ = {isa = PBXBuildFile; fileRef = D7BD0AD9260FE47000744F06 /* LoginVipRouter.swift */; };
		D7BD0AE1260FE47000744F06 /* LoginVipModels.swift in Sources */ = {isa = PBXBuildFile; fileRef = D7BD0ADA260FE47000744F06 /* LoginVipModels.swift */; };
		D7BD0AE2260FE47000744F06 /* LoginVipViewController.swift in Sources */ = {isa = PBXBuildFile; fileRef = D7BD0ADB260FE47000744F06 /* LoginVipViewController.swift */; };
		D7BD0AE3260FE47000744F06 /* LoginVipInteractor.swift in Sources */ = {isa = PBXBuildFile; fileRef = D7BD0ADC260FE47000744F06 /* LoginVipInteractor.swift */; };
		D7BD0AF2260FF3B700744F06 /* SetupProfileVipPresenter.swift in Sources */ = {isa = PBXBuildFile; fileRef = D7BD0AEC260FF3B700744F06 /* SetupProfileVipPresenter.swift */; };
		D7BD0AF3260FF3B700744F06 /* SetupProfileVipWorker.swift in Sources */ = {isa = PBXBuildFile; fileRef = D7BD0AED260FF3B700744F06 /* SetupProfileVipWorker.swift */; };
		D7BD0AF4260FF3B700744F06 /* SetupProfileVipRouter.swift in Sources */ = {isa = PBXBuildFile; fileRef = D7BD0AEE260FF3B700744F06 /* SetupProfileVipRouter.swift */; };
		D7BD0AF5260FF3B700744F06 /* SetupProfileVipModels.swift in Sources */ = {isa = PBXBuildFile; fileRef = D7BD0AEF260FF3B700744F06 /* SetupProfileVipModels.swift */; };
		D7BD0AF6260FF3B700744F06 /* SetupProfileVipViewController.swift in Sources */ = {isa = PBXBuildFile; fileRef = D7BD0AF0260FF3B700744F06 /* SetupProfileVipViewController.swift */; };
		D7BD0AF7260FF3B700744F06 /* SetupProfileVipInteractor.swift in Sources */ = {isa = PBXBuildFile; fileRef = D7BD0AF1260FF3B700744F06 /* SetupProfileVipInteractor.swift */; };
		D7BD0AFA260FF66300744F06 /* Validators.swift in Sources */ = {isa = PBXBuildFile; fileRef = D7BD0AF9260FF66300744F06 /* Validators.swift */; };
		D7BD0AFF260FF83D00744F06 /* AuthError.swift in Sources */ = {isa = PBXBuildFile; fileRef = D7BD0AFE260FF83D00744F06 /* AuthError.swift */; };
		D7BD0B1D261085F900744F06 /* FirestoreService.swift in Sources */ = {isa = PBXBuildFile; fileRef = D7BD0B1C261085F900744F06 /* FirestoreService.swift */; };
		D7BD0B21261086FB00744F06 /* MUser.swift in Sources */ = {isa = PBXBuildFile; fileRef = D7BD0B20261086FB00744F06 /* MUser.swift */; };
		D7BD0B252610883F00744F06 /* UserError.swift in Sources */ = {isa = PBXBuildFile; fileRef = D7BD0B242610883F00744F06 /* UserError.swift */; };
		D7DCAF2A26168AC8004A33FD /* ListPresenter.swift in Sources */ = {isa = PBXBuildFile; fileRef = D7DCAF2326168AC8004A33FD /* ListPresenter.swift */; };
		D7DCAF2B26168AC8004A33FD /* ListWorker.swift in Sources */ = {isa = PBXBuildFile; fileRef = D7DCAF2426168AC8004A33FD /* ListWorker.swift */; };
		D7DCAF2C26168AC8004A33FD /* ListRouter.swift in Sources */ = {isa = PBXBuildFile; fileRef = D7DCAF2526168AC8004A33FD /* ListRouter.swift */; };
		D7DCAF2D26168AC8004A33FD /* ListModels.swift in Sources */ = {isa = PBXBuildFile; fileRef = D7DCAF2626168AC8004A33FD /* ListModels.swift */; };
		D7DCAF2E26168AC8004A33FD /* ListViewController.swift in Sources */ = {isa = PBXBuildFile; fileRef = D7DCAF2726168AC8004A33FD /* ListViewController.swift */; };
		D7DCAF2F26168AC8004A33FD /* ListInteractor.swift in Sources */ = {isa = PBXBuildFile; fileRef = D7DCAF2826168AC8004A33FD /* ListInteractor.swift */; };
		D7DCAF3B26168B24004A33FD /* PeoplePresenter.swift in Sources */ = {isa = PBXBuildFile; fileRef = D7DCAF3426168B24004A33FD /* PeoplePresenter.swift */; };
		D7DCAF3C26168B24004A33FD /* PeopleWorker.swift in Sources */ = {isa = PBXBuildFile; fileRef = D7DCAF3526168B24004A33FD /* PeopleWorker.swift */; };
		D7DCAF3D26168B24004A33FD /* PeopleRouter.swift in Sources */ = {isa = PBXBuildFile; fileRef = D7DCAF3626168B24004A33FD /* PeopleRouter.swift */; };
		D7DCAF3E26168B24004A33FD /* PeopleModels.swift in Sources */ = {isa = PBXBuildFile; fileRef = D7DCAF3726168B24004A33FD /* PeopleModels.swift */; };
		D7DCAF3F26168B24004A33FD /* PeopleViewController.swift in Sources */ = {isa = PBXBuildFile; fileRef = D7DCAF3826168B24004A33FD /* PeopleViewController.swift */; };
		D7DCAF4026168B24004A33FD /* PeopleInteractor.swift in Sources */ = {isa = PBXBuildFile; fileRef = D7DCAF3926168B24004A33FD /* PeopleInteractor.swift */; };
		D7DCAF4A261720D0004A33FD /* MChat.swift in Sources */ = {isa = PBXBuildFile; fileRef = D7DCAF49261720D0004A33FD /* MChat.swift */; };
		D7DCAF4F261721FB004A33FD /* SectionHeader.swift in Sources */ = {isa = PBXBuildFile; fileRef = D7DCAF4E261721FB004A33FD /* SectionHeader.swift */; };
		D7DCAF522617221D004A33FD /* ActiveChatCell.swift in Sources */ = {isa = PBXBuildFile; fileRef = D7DCAF512617221D004A33FD /* ActiveChatCell.swift */; };
		D7DCAF5526172240004A33FD /* WaitingChatCell.swift in Sources */ = {isa = PBXBuildFile; fileRef = D7DCAF5426172240004A33FD /* WaitingChatCell.swift */; };
		D7DCAF5926172280004A33FD /* SelfConfiguringCell.swift in Sources */ = {isa = PBXBuildFile; fileRef = D7DCAF5826172280004A33FD /* SelfConfiguringCell.swift */; };
		D7DCAF5D261722EE004A33FD /* GradientView.swift in Sources */ = {isa = PBXBuildFile; fileRef = D7DCAF5C261722EE004A33FD /* GradientView.swift */; };
		D7DCAF842617293A004A33FD /* UserCell.swift in Sources */ = {isa = PBXBuildFile; fileRef = D7DCAF832617293A004A33FD /* UserCell.swift */; };
		D7DCAF8F26172A21004A33FD /* ProfilePresenter.swift in Sources */ = {isa = PBXBuildFile; fileRef = D7DCAF8826172A21004A33FD /* ProfilePresenter.swift */; };
		D7DCAF9026172A21004A33FD /* ProfileWorker.swift in Sources */ = {isa = PBXBuildFile; fileRef = D7DCAF8926172A21004A33FD /* ProfileWorker.swift */; };
		D7DCAF9126172A21004A33FD /* ProfileRouter.swift in Sources */ = {isa = PBXBuildFile; fileRef = D7DCAF8A26172A21004A33FD /* ProfileRouter.swift */; };
		D7DCAF9226172A21004A33FD /* ProfileModels.swift in Sources */ = {isa = PBXBuildFile; fileRef = D7DCAF8B26172A21004A33FD /* ProfileModels.swift */; };
		D7DCAF9326172A21004A33FD /* ProfileViewController.swift in Sources */ = {isa = PBXBuildFile; fileRef = D7DCAF8C26172A21004A33FD /* ProfileViewController.swift */; };
		D7DCAF9426172A21004A33FD /* ProfileInteractor.swift in Sources */ = {isa = PBXBuildFile; fileRef = D7DCAF8D26172A21004A33FD /* ProfileInteractor.swift */; };
		D7DCAF9F26172A46004A33FD /* ChatRequestPresenter.swift in Sources */ = {isa = PBXBuildFile; fileRef = D7DCAF9826172A46004A33FD /* ChatRequestPresenter.swift */; };
		D7DCAFA026172A46004A33FD /* ChatRequestWorker.swift in Sources */ = {isa = PBXBuildFile; fileRef = D7DCAF9926172A46004A33FD /* ChatRequestWorker.swift */; };
		D7DCAFA126172A46004A33FD /* ChatRequestRouter.swift in Sources */ = {isa = PBXBuildFile; fileRef = D7DCAF9A26172A46004A33FD /* ChatRequestRouter.swift */; };
		D7DCAFA226172A46004A33FD /* ChatRequestModels.swift in Sources */ = {isa = PBXBuildFile; fileRef = D7DCAF9B26172A46004A33FD /* ChatRequestModels.swift */; };
		D7DCAFA326172A46004A33FD /* ChatRequestViewController.swift in Sources */ = {isa = PBXBuildFile; fileRef = D7DCAF9C26172A46004A33FD /* ChatRequestViewController.swift */; };
		D7DCAFA426172A46004A33FD /* ChatRequestInteractor.swift in Sources */ = {isa = PBXBuildFile; fileRef = D7DCAF9D26172A46004A33FD /* ChatRequestInteractor.swift */; };
		D7DCAFA926172A99004A33FD /* InsertableTextField.swift in Sources */ = {isa = PBXBuildFile; fileRef = D7DCAFA826172A99004A33FD /* InsertableTextField.swift */; };
		D7DCAFAD26172AC3004A33FD /* UIView + Extension.swift in Sources */ = {isa = PBXBuildFile; fileRef = D7DCAFAC26172AC3004A33FD /* UIView + Extension.swift */; };
		D7DCAFD52617848C004A33FD /* StorageService.swift in Sources */ = {isa = PBXBuildFile; fileRef = D7DCAFD42617848C004A33FD /* StorageService.swift */; };
		D7DCAFD82617866A004A33FD /* UIImage+Extension.swift in Sources */ = {isa = PBXBuildFile; fileRef = D7DCAFD72617866A004A33FD /* UIImage+Extension.swift */; };
		D7DCAFF826178DD2004A33FD /* ListenerService.swift in Sources */ = {isa = PBXBuildFile; fileRef = D7DCAFF726178DD2004A33FD /* ListenerService.swift */; };
		D7DCAFFB261881D5004A33FD /* MMessage.swift in Sources */ = {isa = PBXBuildFile; fileRef = D7DCAFFA261881D5004A33FD /* MMessage.swift */; };
		D7DCAFFF26188200004A33FD /* MSender.swift in Sources */ = {isa = PBXBuildFile; fileRef = D7DCAFFE26188200004A33FD /* MSender.swift */; };
		D7DCB00A2619B903004A33FD /* ChatsPresenter.swift in Sources */ = {isa = PBXBuildFile; fileRef = D7DCB0032619B903004A33FD /* ChatsPresenter.swift */; };
		D7DCB00B2619B903004A33FD /* ChatsWorker.swift in Sources */ = {isa = PBXBuildFile; fileRef = D7DCB0042619B903004A33FD /* ChatsWorker.swift */; };
		D7DCB00C2619B903004A33FD /* ChatsRouter.swift in Sources */ = {isa = PBXBuildFile; fileRef = D7DCB0052619B903004A33FD /* ChatsRouter.swift */; };
		D7DCB00D2619B903004A33FD /* ChatsModels.swift in Sources */ = {isa = PBXBuildFile; fileRef = D7DCB0062619B903004A33FD /* ChatsModels.swift */; };
		D7DCB00E2619B903004A33FD /* ChatsViewController.swift in Sources */ = {isa = PBXBuildFile; fileRef = D7DCB0072619B903004A33FD /* ChatsViewController.swift */; };
		D7DCB00F2619B903004A33FD /* ChatsInteractor.swift in Sources */ = {isa = PBXBuildFile; fileRef = D7DCB0082619B903004A33FD /* ChatsInteractor.swift */; };
		D7DCB0152619D6B4004A33FD /* UIScrollView+Extension.swift in Sources */ = {isa = PBXBuildFile; fileRef = D7DCB0142619D6B4004A33FD /* UIScrollView+Extension.swift */; };
		D7F5C8C7260D2C5F00FC2B82 /* AppDelegate.swift in Sources */ = {isa = PBXBuildFile; fileRef = D7F5C8C6260D2C5F00FC2B82 /* AppDelegate.swift */; };
		D7F5C8C9260D2C5F00FC2B82 /* SceneDelegate.swift in Sources */ = {isa = PBXBuildFile; fileRef = D7F5C8C8260D2C5F00FC2B82 /* SceneDelegate.swift */; };
		D7F5C8D0260D2C6300FC2B82 /* Assets.xcassets in Resources */ = {isa = PBXBuildFile; fileRef = D7F5C8CF260D2C6300FC2B82 /* Assets.xcassets */; };
		D7F5C8D3260D2C6300FC2B82 /* LaunchScreen.storyboard in Resources */ = {isa = PBXBuildFile; fileRef = D7F5C8D1260D2C6300FC2B82 /* LaunchScreen.storyboard */; };
		D7F5C8E9260D2D3900FC2B82 /* UIButton + Extension.swift in Sources */ = {isa = PBXBuildFile; fileRef = D7F5C8DE260D2D3800FC2B82 /* UIButton + Extension.swift */; };
		D7F5C8EB260D2D3900FC2B82 /* UIFont + Extension.swift in Sources */ = {isa = PBXBuildFile; fileRef = D7F5C8E0260D2D3800FC2B82 /* UIFont + Extension.swift */; };
		D7F5C8EF260D2D3900FC2B82 /* UILabel + Extension.swift in Sources */ = {isa = PBXBuildFile; fileRef = D7F5C8E4260D2D3800FC2B82 /* UILabel + Extension.swift */; };
		D7F5C8F0260D2D3900FC2B82 /* UIImageView + Extension.swift in Sources */ = {isa = PBXBuildFile; fileRef = D7F5C8E5260D2D3800FC2B82 /* UIImageView + Extension.swift */; };
		D7F5C8F2260D2D3900FC2B82 /* UIColor + Extension.swift in Sources */ = {isa = PBXBuildFile; fileRef = D7F5C8E7260D2D3900FC2B82 /* UIColor + Extension.swift */; };
		D7F5C8FB260D308000FC2B82 /* ButtonFormView.swift in Sources */ = {isa = PBXBuildFile; fileRef = D7F5C8FA260D308000FC2B82 /* ButtonFormView.swift */; };
		D7F5C8FE260D347300FC2B82 /* UIStackView + Extension.swift in Sources */ = {isa = PBXBuildFile; fileRef = D7F5C8FD260D347300FC2B82 /* UIStackView + Extension.swift */; };
		D7F5C905260D381F00FC2B82 /* OneLineTextFieldView.swift in Sources */ = {isa = PBXBuildFile; fileRef = D7F5C904260D381F00FC2B82 /* OneLineTextFieldView.swift */; };
		D7F5C910260D5C5800FC2B82 /* AddPhotoView.swift in Sources */ = {isa = PBXBuildFile; fileRef = D7F5C90F260D5C5800FC2B82 /* AddPhotoView.swift */; };
		D7F5C913260E88DB00FC2B82 /* UISegmentedControl + Extension.swift in Sources */ = {isa = PBXBuildFile; fileRef = D7F5C912260E88DB00FC2B82 /* UISegmentedControl + Extension.swift */; };
		D7F5C918260E8ECA00FC2B82 /* MainTabBarViewController.swift in Sources */ = {isa = PBXBuildFile; fileRef = D7F5C917260E8ECA00FC2B82 /* MainTabBarViewController.swift */; };
		D7F5C931260E983200FC2B82 /* GoogleService-Info.plist in Resources */ = {isa = PBXBuildFile; fileRef = D7F5C930260E983200FC2B82 /* GoogleService-Info.plist */; };
/* End PBXBuildFile section */

/* Begin PBXFileReference section */
		02B27F2B03F79F3A993B561F /* Pods_IChatVIP.framework */ = {isa = PBXFileReference; explicitFileType = wrapper.framework; includeInIndex = 0; path = Pods_IChatVIP.framework; sourceTree = BUILT_PRODUCTS_DIR; };
		55B1AD40387898B3C6D6995C /* Pods-IChatVIP.debug.xcconfig */ = {isa = PBXFileReference; includeInIndex = 1; lastKnownFileType = text.xcconfig; name = "Pods-IChatVIP.debug.xcconfig"; path = "Target Support Files/Pods-IChatVIP/Pods-IChatVIP.debug.xcconfig"; sourceTree = "<group>"; };
		7C08A13B6ADD8E7E5B9CF976 /* Pods-IChatVIP.release.xcconfig */ = {isa = PBXFileReference; includeInIndex = 1; lastKnownFileType = text.xcconfig; name = "Pods-IChatVIP.release.xcconfig"; path = "Target Support Files/Pods-IChatVIP/Pods-IChatVIP.release.xcconfig"; sourceTree = "<group>"; };
		D7BD0A9C260E9CF700744F06 /* AuthService.swift */ = {isa = PBXFileReference; lastKnownFileType = sourcecode.swift; path = AuthService.swift; sourceTree = "<group>"; };
		D7BD0A9F260E9FB600744F06 /* UIViewController + Extension.swift */ = {isa = PBXFileReference; lastKnownFileType = sourcecode.swift; path = "UIViewController + Extension.swift"; sourceTree = "<group>"; };
		D7BD0AB3260FD8F400744F06 /* AuthVipPresenter.swift */ = {isa = PBXFileReference; lastKnownFileType = sourcecode.swift; path = AuthVipPresenter.swift; sourceTree = "<group>"; };
		D7BD0AB4260FD8F400744F06 /* AuthVipWorker.swift */ = {isa = PBXFileReference; lastKnownFileType = sourcecode.swift; path = AuthVipWorker.swift; sourceTree = "<group>"; };
		D7BD0AB5260FD8F400744F06 /* AuthVipRouter.swift */ = {isa = PBXFileReference; lastKnownFileType = sourcecode.swift; path = AuthVipRouter.swift; sourceTree = "<group>"; };
		D7BD0AB6260FD8F400744F06 /* AuthVipModels.swift */ = {isa = PBXFileReference; lastKnownFileType = sourcecode.swift; path = AuthVipModels.swift; sourceTree = "<group>"; };
		D7BD0AB7260FD8F400744F06 /* AuthVipViewController.swift */ = {isa = PBXFileReference; lastKnownFileType = sourcecode.swift; path = AuthVipViewController.swift; sourceTree = "<group>"; };
		D7BD0AB8260FD8F400744F06 /* AuthVipInteractor.swift */ = {isa = PBXFileReference; lastKnownFileType = sourcecode.swift; path = AuthVipInteractor.swift; sourceTree = "<group>"; };
		D7BD0AC5260FE10C00744F06 /* SignUpVipPresenter.swift */ = {isa = PBXFileReference; lastKnownFileType = sourcecode.swift; path = SignUpVipPresenter.swift; sourceTree = "<group>"; };
		D7BD0AC6260FE10C00744F06 /* SignUpVipWorker.swift */ = {isa = PBXFileReference; lastKnownFileType = sourcecode.swift; path = SignUpVipWorker.swift; sourceTree = "<group>"; };
		D7BD0AC7260FE10C00744F06 /* SignUpVipRouter.swift */ = {isa = PBXFileReference; lastKnownFileType = sourcecode.swift; path = SignUpVipRouter.swift; sourceTree = "<group>"; };
		D7BD0AC8260FE10C00744F06 /* SignUpVipModels.swift */ = {isa = PBXFileReference; lastKnownFileType = sourcecode.swift; path = SignUpVipModels.swift; sourceTree = "<group>"; };
		D7BD0AC9260FE10C00744F06 /* SignUpVipViewController.swift */ = {isa = PBXFileReference; lastKnownFileType = sourcecode.swift; path = SignUpVipViewController.swift; sourceTree = "<group>"; };
		D7BD0ACA260FE10C00744F06 /* SignUpVipInteractor.swift */ = {isa = PBXFileReference; lastKnownFileType = sourcecode.swift; path = SignUpVipInteractor.swift; sourceTree = "<group>"; };
		D7BD0AD7260FE47000744F06 /* LoginVipPresenter.swift */ = {isa = PBXFileReference; lastKnownFileType = sourcecode.swift; path = LoginVipPresenter.swift; sourceTree = "<group>"; };
		D7BD0AD8260FE47000744F06 /* LoginVipWorker.swift */ = {isa = PBXFileReference; lastKnownFileType = sourcecode.swift; path = LoginVipWorker.swift; sourceTree = "<group>"; };
		D7BD0AD9260FE47000744F06 /* LoginVipRouter.swift */ = {isa = PBXFileReference; lastKnownFileType = sourcecode.swift; path = LoginVipRouter.swift; sourceTree = "<group>"; };
		D7BD0ADA260FE47000744F06 /* LoginVipModels.swift */ = {isa = PBXFileReference; lastKnownFileType = sourcecode.swift; path = LoginVipModels.swift; sourceTree = "<group>"; };
		D7BD0ADB260FE47000744F06 /* LoginVipViewController.swift */ = {isa = PBXFileReference; lastKnownFileType = sourcecode.swift; path = LoginVipViewController.swift; sourceTree = "<group>"; };
		D7BD0ADC260FE47000744F06 /* LoginVipInteractor.swift */ = {isa = PBXFileReference; lastKnownFileType = sourcecode.swift; path = LoginVipInteractor.swift; sourceTree = "<group>"; };
		D7BD0AEC260FF3B700744F06 /* SetupProfileVipPresenter.swift */ = {isa = PBXFileReference; lastKnownFileType = sourcecode.swift; path = SetupProfileVipPresenter.swift; sourceTree = "<group>"; };
		D7BD0AED260FF3B700744F06 /* SetupProfileVipWorker.swift */ = {isa = PBXFileReference; lastKnownFileType = sourcecode.swift; path = SetupProfileVipWorker.swift; sourceTree = "<group>"; };
		D7BD0AEE260FF3B700744F06 /* SetupProfileVipRouter.swift */ = {isa = PBXFileReference; lastKnownFileType = sourcecode.swift; path = SetupProfileVipRouter.swift; sourceTree = "<group>"; };
		D7BD0AEF260FF3B700744F06 /* SetupProfileVipModels.swift */ = {isa = PBXFileReference; lastKnownFileType = sourcecode.swift; path = SetupProfileVipModels.swift; sourceTree = "<group>"; };
		D7BD0AF0260FF3B700744F06 /* SetupProfileVipViewController.swift */ = {isa = PBXFileReference; lastKnownFileType = sourcecode.swift; path = SetupProfileVipViewController.swift; sourceTree = "<group>"; };
		D7BD0AF1260FF3B700744F06 /* SetupProfileVipInteractor.swift */ = {isa = PBXFileReference; lastKnownFileType = sourcecode.swift; path = SetupProfileVipInteractor.swift; sourceTree = "<group>"; };
		D7BD0AF9260FF66300744F06 /* Validators.swift */ = {isa = PBXFileReference; lastKnownFileType = sourcecode.swift; path = Validators.swift; sourceTree = "<group>"; };
		D7BD0AFE260FF83D00744F06 /* AuthError.swift */ = {isa = PBXFileReference; lastKnownFileType = sourcecode.swift; path = AuthError.swift; sourceTree = "<group>"; };
		D7BD0B1C261085F900744F06 /* FirestoreService.swift */ = {isa = PBXFileReference; lastKnownFileType = sourcecode.swift; path = FirestoreService.swift; sourceTree = "<group>"; };
		D7BD0B20261086FB00744F06 /* MUser.swift */ = {isa = PBXFileReference; lastKnownFileType = sourcecode.swift; path = MUser.swift; sourceTree = "<group>"; };
		D7BD0B242610883F00744F06 /* UserError.swift */ = {isa = PBXFileReference; lastKnownFileType = sourcecode.swift; path = UserError.swift; sourceTree = "<group>"; };
		D7DCAF2326168AC8004A33FD /* ListPresenter.swift */ = {isa = PBXFileReference; lastKnownFileType = sourcecode.swift; path = ListPresenter.swift; sourceTree = "<group>"; };
		D7DCAF2426168AC8004A33FD /* ListWorker.swift */ = {isa = PBXFileReference; lastKnownFileType = sourcecode.swift; path = ListWorker.swift; sourceTree = "<group>"; };
		D7DCAF2526168AC8004A33FD /* ListRouter.swift */ = {isa = PBXFileReference; lastKnownFileType = sourcecode.swift; path = ListRouter.swift; sourceTree = "<group>"; };
		D7DCAF2626168AC8004A33FD /* ListModels.swift */ = {isa = PBXFileReference; lastKnownFileType = sourcecode.swift; path = ListModels.swift; sourceTree = "<group>"; };
		D7DCAF2726168AC8004A33FD /* ListViewController.swift */ = {isa = PBXFileReference; lastKnownFileType = sourcecode.swift; path = ListViewController.swift; sourceTree = "<group>"; };
		D7DCAF2826168AC8004A33FD /* ListInteractor.swift */ = {isa = PBXFileReference; lastKnownFileType = sourcecode.swift; path = ListInteractor.swift; sourceTree = "<group>"; };
		D7DCAF3426168B24004A33FD /* PeoplePresenter.swift */ = {isa = PBXFileReference; lastKnownFileType = sourcecode.swift; path = PeoplePresenter.swift; sourceTree = "<group>"; };
		D7DCAF3526168B24004A33FD /* PeopleWorker.swift */ = {isa = PBXFileReference; lastKnownFileType = sourcecode.swift; path = PeopleWorker.swift; sourceTree = "<group>"; };
		D7DCAF3626168B24004A33FD /* PeopleRouter.swift */ = {isa = PBXFileReference; lastKnownFileType = sourcecode.swift; path = PeopleRouter.swift; sourceTree = "<group>"; };
		D7DCAF3726168B24004A33FD /* PeopleModels.swift */ = {isa = PBXFileReference; lastKnownFileType = sourcecode.swift; path = PeopleModels.swift; sourceTree = "<group>"; };
		D7DCAF3826168B24004A33FD /* PeopleViewController.swift */ = {isa = PBXFileReference; lastKnownFileType = sourcecode.swift; path = PeopleViewController.swift; sourceTree = "<group>"; };
		D7DCAF3926168B24004A33FD /* PeopleInteractor.swift */ = {isa = PBXFileReference; lastKnownFileType = sourcecode.swift; path = PeopleInteractor.swift; sourceTree = "<group>"; };
		D7DCAF49261720D0004A33FD /* MChat.swift */ = {isa = PBXFileReference; lastKnownFileType = sourcecode.swift; path = MChat.swift; sourceTree = "<group>"; };
		D7DCAF4E261721FB004A33FD /* SectionHeader.swift */ = {isa = PBXFileReference; lastKnownFileType = sourcecode.swift; path = SectionHeader.swift; sourceTree = "<group>"; };
		D7DCAF512617221D004A33FD /* ActiveChatCell.swift */ = {isa = PBXFileReference; lastKnownFileType = sourcecode.swift; path = ActiveChatCell.swift; sourceTree = "<group>"; };
		D7DCAF5426172240004A33FD /* WaitingChatCell.swift */ = {isa = PBXFileReference; lastKnownFileType = sourcecode.swift; path = WaitingChatCell.swift; sourceTree = "<group>"; };
		D7DCAF5826172280004A33FD /* SelfConfiguringCell.swift */ = {isa = PBXFileReference; lastKnownFileType = sourcecode.swift; path = SelfConfiguringCell.swift; sourceTree = "<group>"; };
		D7DCAF5C261722EE004A33FD /* GradientView.swift */ = {isa = PBXFileReference; lastKnownFileType = sourcecode.swift; path = GradientView.swift; sourceTree = "<group>"; };
		D7DCAF832617293A004A33FD /* UserCell.swift */ = {isa = PBXFileReference; lastKnownFileType = sourcecode.swift; path = UserCell.swift; sourceTree = "<group>"; };
		D7DCAF8826172A21004A33FD /* ProfilePresenter.swift */ = {isa = PBXFileReference; lastKnownFileType = sourcecode.swift; path = ProfilePresenter.swift; sourceTree = "<group>"; };
		D7DCAF8926172A21004A33FD /* ProfileWorker.swift */ = {isa = PBXFileReference; lastKnownFileType = sourcecode.swift; path = ProfileWorker.swift; sourceTree = "<group>"; };
		D7DCAF8A26172A21004A33FD /* ProfileRouter.swift */ = {isa = PBXFileReference; lastKnownFileType = sourcecode.swift; path = ProfileRouter.swift; sourceTree = "<group>"; };
		D7DCAF8B26172A21004A33FD /* ProfileModels.swift */ = {isa = PBXFileReference; lastKnownFileType = sourcecode.swift; path = ProfileModels.swift; sourceTree = "<group>"; };
		D7DCAF8C26172A21004A33FD /* ProfileViewController.swift */ = {isa = PBXFileReference; lastKnownFileType = sourcecode.swift; path = ProfileViewController.swift; sourceTree = "<group>"; };
		D7DCAF8D26172A21004A33FD /* ProfileInteractor.swift */ = {isa = PBXFileReference; lastKnownFileType = sourcecode.swift; path = ProfileInteractor.swift; sourceTree = "<group>"; };
		D7DCAF9826172A46004A33FD /* ChatRequestPresenter.swift */ = {isa = PBXFileReference; lastKnownFileType = sourcecode.swift; path = ChatRequestPresenter.swift; sourceTree = "<group>"; };
		D7DCAF9926172A46004A33FD /* ChatRequestWorker.swift */ = {isa = PBXFileReference; lastKnownFileType = sourcecode.swift; path = ChatRequestWorker.swift; sourceTree = "<group>"; };
		D7DCAF9A26172A46004A33FD /* ChatRequestRouter.swift */ = {isa = PBXFileReference; lastKnownFileType = sourcecode.swift; path = ChatRequestRouter.swift; sourceTree = "<group>"; };
		D7DCAF9B26172A46004A33FD /* ChatRequestModels.swift */ = {isa = PBXFileReference; lastKnownFileType = sourcecode.swift; path = ChatRequestModels.swift; sourceTree = "<group>"; };
		D7DCAF9C26172A46004A33FD /* ChatRequestViewController.swift */ = {isa = PBXFileReference; lastKnownFileType = sourcecode.swift; path = ChatRequestViewController.swift; sourceTree = "<group>"; };
		D7DCAF9D26172A46004A33FD /* ChatRequestInteractor.swift */ = {isa = PBXFileReference; lastKnownFileType = sourcecode.swift; path = ChatRequestInteractor.swift; sourceTree = "<group>"; };
		D7DCAFA826172A99004A33FD /* InsertableTextField.swift */ = {isa = PBXFileReference; lastKnownFileType = sourcecode.swift; path = InsertableTextField.swift; sourceTree = "<group>"; };
		D7DCAFAC26172AC3004A33FD /* UIView + Extension.swift */ = {isa = PBXFileReference; lastKnownFileType = sourcecode.swift; path = "UIView + Extension.swift"; sourceTree = "<group>"; };
		D7DCAFD42617848C004A33FD /* StorageService.swift */ = {isa = PBXFileReference; lastKnownFileType = sourcecode.swift; path = StorageService.swift; sourceTree = "<group>"; };
		D7DCAFD72617866A004A33FD /* UIImage+Extension.swift */ = {isa = PBXFileReference; lastKnownFileType = sourcecode.swift; path = "UIImage+Extension.swift"; sourceTree = "<group>"; };
		D7DCAFF726178DD2004A33FD /* ListenerService.swift */ = {isa = PBXFileReference; lastKnownFileType = sourcecode.swift; path = ListenerService.swift; sourceTree = "<group>"; };
		D7DCAFFA261881D5004A33FD /* MMessage.swift */ = {isa = PBXFileReference; lastKnownFileType = sourcecode.swift; path = MMessage.swift; sourceTree = "<group>"; };
		D7DCAFFE26188200004A33FD /* MSender.swift */ = {isa = PBXFileReference; lastKnownFileType = sourcecode.swift; path = MSender.swift; sourceTree = "<group>"; };
		D7DCB0032619B903004A33FD /* ChatsPresenter.swift */ = {isa = PBXFileReference; lastKnownFileType = sourcecode.swift; path = ChatsPresenter.swift; sourceTree = "<group>"; };
		D7DCB0042619B903004A33FD /* ChatsWorker.swift */ = {isa = PBXFileReference; lastKnownFileType = sourcecode.swift; path = ChatsWorker.swift; sourceTree = "<group>"; };
		D7DCB0052619B903004A33FD /* ChatsRouter.swift */ = {isa = PBXFileReference; lastKnownFileType = sourcecode.swift; path = ChatsRouter.swift; sourceTree = "<group>"; };
		D7DCB0062619B903004A33FD /* ChatsModels.swift */ = {isa = PBXFileReference; lastKnownFileType = sourcecode.swift; path = ChatsModels.swift; sourceTree = "<group>"; };
		D7DCB0072619B903004A33FD /* ChatsViewController.swift */ = {isa = PBXFileReference; lastKnownFileType = sourcecode.swift; path = ChatsViewController.swift; sourceTree = "<group>"; };
		D7DCB0082619B903004A33FD /* ChatsInteractor.swift */ = {isa = PBXFileReference; lastKnownFileType = sourcecode.swift; path = ChatsInteractor.swift; sourceTree = "<group>"; };
		D7DCB0142619D6B4004A33FD /* UIScrollView+Extension.swift */ = {isa = PBXFileReference; lastKnownFileType = sourcecode.swift; path = "UIScrollView+Extension.swift"; sourceTree = "<group>"; };
		D7F5C8C3260D2C5F00FC2B82 /* IChatVIP.app */ = {isa = PBXFileReference; explicitFileType = wrapper.application; includeInIndex = 0; path = IChatVIP.app; sourceTree = BUILT_PRODUCTS_DIR; };
		D7F5C8C6260D2C5F00FC2B82 /* AppDelegate.swift */ = {isa = PBXFileReference; lastKnownFileType = sourcecode.swift; path = AppDelegate.swift; sourceTree = "<group>"; };
		D7F5C8C8260D2C5F00FC2B82 /* SceneDelegate.swift */ = {isa = PBXFileReference; lastKnownFileType = sourcecode.swift; path = SceneDelegate.swift; sourceTree = "<group>"; };
		D7F5C8CF260D2C6300FC2B82 /* Assets.xcassets */ = {isa = PBXFileReference; lastKnownFileType = folder.assetcatalog; path = Assets.xcassets; sourceTree = "<group>"; };
		D7F5C8D2260D2C6300FC2B82 /* Base */ = {isa = PBXFileReference; lastKnownFileType = file.storyboard; name = Base; path = Base.lproj/LaunchScreen.storyboard; sourceTree = "<group>"; };
		D7F5C8D4260D2C6300FC2B82 /* Info.plist */ = {isa = PBXFileReference; lastKnownFileType = text.plist.xml; path = Info.plist; sourceTree = "<group>"; };
		D7F5C8DE260D2D3800FC2B82 /* UIButton + Extension.swift */ = {isa = PBXFileReference; fileEncoding = 4; lastKnownFileType = sourcecode.swift; path = "UIButton + Extension.swift"; sourceTree = "<group>"; };
		D7F5C8E0260D2D3800FC2B82 /* UIFont + Extension.swift */ = {isa = PBXFileReference; fileEncoding = 4; lastKnownFileType = sourcecode.swift; path = "UIFont + Extension.swift"; sourceTree = "<group>"; };
		D7F5C8E4260D2D3800FC2B82 /* UILabel + Extension.swift */ = {isa = PBXFileReference; fileEncoding = 4; lastKnownFileType = sourcecode.swift; path = "UILabel + Extension.swift"; sourceTree = "<group>"; };
		D7F5C8E5260D2D3800FC2B82 /* UIImageView + Extension.swift */ = {isa = PBXFileReference; fileEncoding = 4; lastKnownFileType = sourcecode.swift; path = "UIImageView + Extension.swift"; sourceTree = "<group>"; };
		D7F5C8E7260D2D3900FC2B82 /* UIColor + Extension.swift */ = {isa = PBXFileReference; fileEncoding = 4; lastKnownFileType = sourcecode.swift; path = "UIColor + Extension.swift"; sourceTree = "<group>"; };
		D7F5C8FA260D308000FC2B82 /* ButtonFormView.swift */ = {isa = PBXFileReference; lastKnownFileType = sourcecode.swift; path = ButtonFormView.swift; sourceTree = "<group>"; };
		D7F5C8FD260D347300FC2B82 /* UIStackView + Extension.swift */ = {isa = PBXFileReference; lastKnownFileType = sourcecode.swift; path = "UIStackView + Extension.swift"; sourceTree = "<group>"; };
		D7F5C904260D381F00FC2B82 /* OneLineTextFieldView.swift */ = {isa = PBXFileReference; lastKnownFileType = sourcecode.swift; path = OneLineTextFieldView.swift; sourceTree = "<group>"; };
		D7F5C90F260D5C5800FC2B82 /* AddPhotoView.swift */ = {isa = PBXFileReference; lastKnownFileType = sourcecode.swift; path = AddPhotoView.swift; sourceTree = "<group>"; };
		D7F5C912260E88DB00FC2B82 /* UISegmentedControl + Extension.swift */ = {isa = PBXFileReference; lastKnownFileType = sourcecode.swift; path = "UISegmentedControl + Extension.swift"; sourceTree = "<group>"; };
		D7F5C917260E8ECA00FC2B82 /* MainTabBarViewController.swift */ = {isa = PBXFileReference; lastKnownFileType = sourcecode.swift; path = MainTabBarViewController.swift; sourceTree = "<group>"; };
		D7F5C930260E983200FC2B82 /* GoogleService-Info.plist */ = {isa = PBXFileReference; fileEncoding = 4; lastKnownFileType = text.plist.xml; path = "GoogleService-Info.plist"; sourceTree = "<group>"; };
/* End PBXFileReference section */

/* Begin PBXFrameworksBuildPhase section */
		D7F5C8C0260D2C5F00FC2B82 /* Frameworks */ = {
			isa = PBXFrameworksBuildPhase;
			buildActionMask = 2147483647;
			files = (
				226724C685BC8F67D4E8832F /* Pods_IChatVIP.framework in Frameworks */,
			);
			runOnlyForDeploymentPostprocessing = 0;
		};
/* End PBXFrameworksBuildPhase section */

/* Begin PBXGroup section */
		44FBB09B7F5BAB815C47D491 /* Frameworks */ = {
			isa = PBXGroup;
			children = (
				02B27F2B03F79F3A993B561F /* Pods_IChatVIP.framework */,
			);
			name = Frameworks;
			sourceTree = "<group>";
		};
		C25E7BF7D9E6071BF5F5C79F /* Pods */ = {
			isa = PBXGroup;
			children = (
				55B1AD40387898B3C6D6995C /* Pods-IChatVIP.debug.xcconfig */,
				7C08A13B6ADD8E7E5B9CF976 /* Pods-IChatVIP.release.xcconfig */,
			);
			path = Pods;
			sourceTree = "<group>";
		};
		D74BE25D261A5BC700558D71 /* Modules */ = {
			isa = PBXGroup;
			children = (
				D7F5C917260E8ECA00FC2B82 /* MainTabBarViewController.swift */,
				D79F254226167D3C000C802A /* People */,
				D79F255126167DD6000C802A /* List */,
				D7DCAF86261729E3004A33FD /* Profile */,
				D7DCAF87261729F9004A33FD /* ChatRequest */,
				D7DCB0022619B8DC004A33FD /* Chats */,
			);
			path = Modules;
			sourceTree = "<group>";
		};
		D79F254226167D3C000C802A /* People */ = {
			isa = PBXGroup;
			children = (
				D7DCAF3826168B24004A33FD /* PeopleViewController.swift */,
				D7DCAF3926168B24004A33FD /* PeopleInteractor.swift */,
				D7DCAF3426168B24004A33FD /* PeoplePresenter.swift */,
				D7DCAF3526168B24004A33FD /* PeopleWorker.swift */,
				D7DCAF3626168B24004A33FD /* PeopleRouter.swift */,
				D7DCAF3726168B24004A33FD /* PeopleModels.swift */,
			);
			path = People;
			sourceTree = "<group>";
		};
		D79F255126167DD6000C802A /* List */ = {
			isa = PBXGroup;
			children = (
				D7DCAF2726168AC8004A33FD /* ListViewController.swift */,
				D7DCAF2826168AC8004A33FD /* ListInteractor.swift */,
				D7DCAF2326168AC8004A33FD /* ListPresenter.swift */,
				D7DCAF2426168AC8004A33FD /* ListWorker.swift */,
				D7DCAF2526168AC8004A33FD /* ListRouter.swift */,
				D7DCAF2626168AC8004A33FD /* ListModels.swift */,
			);
			path = List;
			sourceTree = "<group>";
		};
		D7BD0A9B260E9CCF00744F06 /* Services */ = {
			isa = PBXGroup;
			children = (
				D7BD0B1F261086EB00744F06 /* Models */,
				D7BD0A9C260E9CF700744F06 /* AuthService.swift */,
				D7BD0B1C261085F900744F06 /* FirestoreService.swift */,
				D7DCAFD42617848C004A33FD /* StorageService.swift */,
				D7DCAFF726178DD2004A33FD /* ListenerService.swift */,
			);
			path = Services;
			sourceTree = "<group>";
		};
		D7BD0AB2260FD8C000744F06 /* SignIn&Auth */ = {
			isa = PBXGroup;
			children = (
				D7BD0AC3260FE0DD00744F06 /* Auth */,
				D7BD0AC4260FE0EB00744F06 /* SignUp */,
				D7BD0AD6260FE45700744F06 /* Login */,
				D7BD0AEB260FF38D00744F06 /* SetupProfile */,
			);
			path = "SignIn&Auth";
			sourceTree = "<group>";
		};
		D7BD0AC3260FE0DD00744F06 /* Auth */ = {
			isa = PBXGroup;
			children = (
				D7BD0AB7260FD8F400744F06 /* AuthVipViewController.swift */,
				D7BD0AB8260FD8F400744F06 /* AuthVipInteractor.swift */,
				D7BD0AB3260FD8F400744F06 /* AuthVipPresenter.swift */,
				D7BD0AB6260FD8F400744F06 /* AuthVipModels.swift */,
				D7BD0AB4260FD8F400744F06 /* AuthVipWorker.swift */,
				D7BD0AB5260FD8F400744F06 /* AuthVipRouter.swift */,
			);
			path = Auth;
			sourceTree = "<group>";
		};
		D7BD0AC4260FE0EB00744F06 /* SignUp */ = {
			isa = PBXGroup;
			children = (
				D7BD0AC9260FE10C00744F06 /* SignUpVipViewController.swift */,
				D7BD0ACA260FE10C00744F06 /* SignUpVipInteractor.swift */,
				D7BD0AC5260FE10C00744F06 /* SignUpVipPresenter.swift */,
				D7BD0AC7260FE10C00744F06 /* SignUpVipRouter.swift */,
				D7BD0AC8260FE10C00744F06 /* SignUpVipModels.swift */,
				D7BD0AC6260FE10C00744F06 /* SignUpVipWorker.swift */,
			);
			path = SignUp;
			sourceTree = "<group>";
		};
		D7BD0AD6260FE45700744F06 /* Login */ = {
			isa = PBXGroup;
			children = (
				D7BD0ADB260FE47000744F06 /* LoginVipViewController.swift */,
				D7BD0ADC260FE47000744F06 /* LoginVipInteractor.swift */,
				D7BD0AD7260FE47000744F06 /* LoginVipPresenter.swift */,
				D7BD0AD9260FE47000744F06 /* LoginVipRouter.swift */,
				D7BD0ADA260FE47000744F06 /* LoginVipModels.swift */,
				D7BD0AD8260FE47000744F06 /* LoginVipWorker.swift */,
			);
			path = Login;
			sourceTree = "<group>";
		};
		D7BD0AEB260FF38D00744F06 /* SetupProfile */ = {
			isa = PBXGroup;
			children = (
				D7BD0AF0260FF3B700744F06 /* SetupProfileVipViewController.swift */,
				D7BD0AF1260FF3B700744F06 /* SetupProfileVipInteractor.swift */,
				D7BD0AEC260FF3B700744F06 /* SetupProfileVipPresenter.swift */,
				D7BD0AEE260FF3B700744F06 /* SetupProfileVipRouter.swift */,
				D7BD0AEF260FF3B700744F06 /* SetupProfileVipModels.swift */,
				D7BD0AED260FF3B700744F06 /* SetupProfileVipWorker.swift */,
			);
			path = SetupProfile;
			sourceTree = "<group>";
		};
		D7BD0AFD260FF82100744F06 /* Helpers */ = {
			isa = PBXGroup;
			children = (
				D7BD0AF9260FF66300744F06 /* Validators.swift */,
				D7BD0AFE260FF83D00744F06 /* AuthError.swift */,
				D7BD0B242610883F00744F06 /* UserError.swift */,
			);
			path = Helpers;
			sourceTree = "<group>";
		};
		D7BD0B1F261086EB00744F06 /* Models */ = {
			isa = PBXGroup;
			children = (
				D7BD0B20261086FB00744F06 /* MUser.swift */,
				D7DCAF49261720D0004A33FD /* MChat.swift */,
				D7DCAFFA261881D5004A33FD /* MMessage.swift */,
				D7DCAFFE26188200004A33FD /* MSender.swift */,
			);
			path = Models;
			sourceTree = "<group>";
		};
		D7DCAF4D261721E8004A33FD /* Header */ = {
			isa = PBXGroup;
			children = (
				D7DCAF4E261721FB004A33FD /* SectionHeader.swift */,
			);
			path = Header;
			sourceTree = "<group>";
		};
		D7DCAF5726172276004A33FD /* Protocols */ = {
			isa = PBXGroup;
			children = (
				D7DCAF5826172280004A33FD /* SelfConfiguringCell.swift */,
			);
			path = Protocols;
			sourceTree = "<group>";
		};
		D7DCAF86261729E3004A33FD /* Profile */ = {
			isa = PBXGroup;
			children = (
				D7DCAF8C26172A21004A33FD /* ProfileViewController.swift */,
				D7DCAF8D26172A21004A33FD /* ProfileInteractor.swift */,
				D7DCAF8826172A21004A33FD /* ProfilePresenter.swift */,
				D7DCAF8926172A21004A33FD /* ProfileWorker.swift */,
				D7DCAF8A26172A21004A33FD /* ProfileRouter.swift */,
				D7DCAF8B26172A21004A33FD /* ProfileModels.swift */,
			);
			path = Profile;
			sourceTree = "<group>";
		};
		D7DCAF87261729F9004A33FD /* ChatRequest */ = {
			isa = PBXGroup;
			children = (
				D7DCAF9C26172A46004A33FD /* ChatRequestViewController.swift */,
				D7DCAF9D26172A46004A33FD /* ChatRequestInteractor.swift */,
				D7DCAF9826172A46004A33FD /* ChatRequestPresenter.swift */,
				D7DCAF9926172A46004A33FD /* ChatRequestWorker.swift */,
				D7DCAF9A26172A46004A33FD /* ChatRequestRouter.swift */,
				D7DCAF9B26172A46004A33FD /* ChatRequestModels.swift */,
			);
			path = ChatRequest;
			sourceTree = "<group>";
		};
		D7DCB0022619B8DC004A33FD /* Chats */ = {
			isa = PBXGroup;
			children = (
				D7DCB0072619B903004A33FD /* ChatsViewController.swift */,
				D7DCB0082619B903004A33FD /* ChatsInteractor.swift */,
				D7DCB0032619B903004A33FD /* ChatsPresenter.swift */,
				D7DCB0042619B903004A33FD /* ChatsWorker.swift */,
				D7DCB0052619B903004A33FD /* ChatsRouter.swift */,
				D7DCB0062619B903004A33FD /* ChatsModels.swift */,
			);
			path = Chats;
			sourceTree = "<group>";
		};
		D7F5C8BA260D2C5F00FC2B82 = {
			isa = PBXGroup;
			children = (
				D7F5C8C5260D2C5F00FC2B82 /* IChatVIP */,
				D7F5C8C4260D2C5F00FC2B82 /* Products */,
				C25E7BF7D9E6071BF5F5C79F /* Pods */,
				44FBB09B7F5BAB815C47D491 /* Frameworks */,
			);
			sourceTree = "<group>";
		};
		D7F5C8C4260D2C5F00FC2B82 /* Products */ = {
			isa = PBXGroup;
			children = (
				D7F5C8C3260D2C5F00FC2B82 /* IChatVIP.app */,
			);
			name = Products;
			sourceTree = "<group>";
		};
		D7F5C8C5260D2C5F00FC2B82 /* IChatVIP */ = {
			isa = PBXGroup;
			children = (
				D7F5C8C6260D2C5F00FC2B82 /* AppDelegate.swift */,
				D7F5C8C8260D2C5F00FC2B82 /* SceneDelegate.swift */,
				D7BD0AB2260FD8C000744F06 /* SignIn&Auth */,
				D74BE25D261A5BC700558D71 /* Modules */,
				D7F5C916260E8EA300FC2B82 /* CustomCells */,
				D7BD0A9B260E9CCF00744F06 /* Services */,
				D7F5C8DB260D2CE500FC2B82 /* Extensions */,
				D7BD0AFD260FF82100744F06 /* Helpers */,
				D7DCAF5726172276004A33FD /* Protocols */,
				D7F5C8CF260D2C6300FC2B82 /* Assets.xcassets */,
				D7F5C8D1260D2C6300FC2B82 /* LaunchScreen.storyboard */,
				D7F5C8D4260D2C6300FC2B82 /* Info.plist */,
				D7F5C930260E983200FC2B82 /* GoogleService-Info.plist */,
			);
			path = IChatVIP;
			sourceTree = "<group>";
		};
		D7F5C8DB260D2CE500FC2B82 /* Extensions */ = {
			isa = PBXGroup;
			children = (
				D7F5C8DC260D2CED00FC2B82 /* UIKit */,
				D7F5C8FA260D308000FC2B82 /* ButtonFormView.swift */,
				D7F5C904260D381F00FC2B82 /* OneLineTextFieldView.swift */,
				D7F5C90F260D5C5800FC2B82 /* AddPhotoView.swift */,
				D7DCAF5C261722EE004A33FD /* GradientView.swift */,
				D7DCAFA826172A99004A33FD /* InsertableTextField.swift */,
			);
			path = Extensions;
			sourceTree = "<group>";
		};
		D7F5C8DC260D2CED00FC2B82 /* UIKit */ = {
			isa = PBXGroup;
			children = (
				D7F5C8DE260D2D3800FC2B82 /* UIButton + Extension.swift */,
				D7F5C8E7260D2D3900FC2B82 /* UIColor + Extension.swift */,
				D7F5C8E0260D2D3800FC2B82 /* UIFont + Extension.swift */,
				D7F5C8E5260D2D3800FC2B82 /* UIImageView + Extension.swift */,
				D7F5C8E4260D2D3800FC2B82 /* UILabel + Extension.swift */,
				D7F5C8FD260D347300FC2B82 /* UIStackView + Extension.swift */,
				D7F5C912260E88DB00FC2B82 /* UISegmentedControl + Extension.swift */,
				D7BD0A9F260E9FB600744F06 /* UIViewController + Extension.swift */,
				D7DCAFAC26172AC3004A33FD /* UIView + Extension.swift */,
				D7DCAFD72617866A004A33FD /* UIImage+Extension.swift */,
				D7DCB0142619D6B4004A33FD /* UIScrollView+Extension.swift */,
			);
			path = UIKit;
			sourceTree = "<group>";
		};
		D7F5C916260E8EA300FC2B82 /* CustomCells */ = {
			isa = PBXGroup;
			children = (
				D7DCAF512617221D004A33FD /* ActiveChatCell.swift */,
				D7DCAF5426172240004A33FD /* WaitingChatCell.swift */,
				D7DCAF832617293A004A33FD /* UserCell.swift */,
				D7DCAF4D261721E8004A33FD /* Header */,
			);
			path = CustomCells;
			sourceTree = "<group>";
		};
/* End PBXGroup section */

/* Begin PBXNativeTarget section */
		D7F5C8C2260D2C5F00FC2B82 /* IChatVIP */ = {
			isa = PBXNativeTarget;
			buildConfigurationList = D7F5C8D7260D2C6300FC2B82 /* Build configuration list for PBXNativeTarget "IChatVIP" */;
			buildPhases = (
				19CF2FA6F60527B04E2E2E2D /* [CP] Check Pods Manifest.lock */,
				D7F5C8BF260D2C5F00FC2B82 /* Sources */,
				D7F5C8C0260D2C5F00FC2B82 /* Frameworks */,
				D7F5C8C1260D2C5F00FC2B82 /* Resources */,
				F6D205F3B1156D6900271A8D /* [CP] Embed Pods Frameworks */,
				F88C7C83DD37DA5BA55FD263 /* [CP] Copy Pods Resources */,
			);
			buildRules = (
			);
			dependencies = (
			);
			name = IChatVIP;
			productName = IChatVIP;
			productReference = D7F5C8C3260D2C5F00FC2B82 /* IChatVIP.app */;
			productType = "com.apple.product-type.application";
		};
/* End PBXNativeTarget section */

/* Begin PBXProject section */
		D7F5C8BB260D2C5F00FC2B82 /* Project object */ = {
			isa = PBXProject;
			attributes = {
				LastSwiftUpdateCheck = 1240;
				LastUpgradeCheck = 1240;
				TargetAttributes = {
					D7F5C8C2260D2C5F00FC2B82 = {
						CreatedOnToolsVersion = 12.4;
					};
				};
			};
			buildConfigurationList = D7F5C8BE260D2C5F00FC2B82 /* Build configuration list for PBXProject "IChatVIP" */;
			compatibilityVersion = "Xcode 9.3";
			developmentRegion = en;
			hasScannedForEncodings = 0;
			knownRegions = (
				en,
				Base,
			);
			mainGroup = D7F5C8BA260D2C5F00FC2B82;
			productRefGroup = D7F5C8C4260D2C5F00FC2B82 /* Products */;
			projectDirPath = "";
			projectRoot = "";
			targets = (
				D7F5C8C2260D2C5F00FC2B82 /* IChatVIP */,
			);
		};
/* End PBXProject section */

/* Begin PBXResourcesBuildPhase section */
		D7F5C8C1260D2C5F00FC2B82 /* Resources */ = {
			isa = PBXResourcesBuildPhase;
			buildActionMask = 2147483647;
			files = (
				D7F5C8D3260D2C6300FC2B82 /* LaunchScreen.storyboard in Resources */,
				D7F5C931260E983200FC2B82 /* GoogleService-Info.plist in Resources */,
				D7F5C8D0260D2C6300FC2B82 /* Assets.xcassets in Resources */,
			);
			runOnlyForDeploymentPostprocessing = 0;
		};
/* End PBXResourcesBuildPhase section */

/* Begin PBXShellScriptBuildPhase section */
		19CF2FA6F60527B04E2E2E2D /* [CP] Check Pods Manifest.lock */ = {
			isa = PBXShellScriptBuildPhase;
			buildActionMask = 2147483647;
			files = (
			);
			inputFileListPaths = (
			);
			inputPaths = (
				"${PODS_PODFILE_DIR_PATH}/Podfile.lock",
				"${PODS_ROOT}/Manifest.lock",
			);
			name = "[CP] Check Pods Manifest.lock";
			outputFileListPaths = (
			);
			outputPaths = (
				"$(DERIVED_FILE_DIR)/Pods-IChatVIP-checkManifestLockResult.txt",
			);
			runOnlyForDeploymentPostprocessing = 0;
			shellPath = /bin/sh;
			shellScript = "diff \"${PODS_PODFILE_DIR_PATH}/Podfile.lock\" \"${PODS_ROOT}/Manifest.lock\" > /dev/null\nif [ $? != 0 ] ; then\n    # print error to STDERR\n    echo \"error: The sandbox is not in sync with the Podfile.lock. Run 'pod install' or update your CocoaPods installation.\" >&2\n    exit 1\nfi\n# This output is used by Xcode 'outputs' to avoid re-running this script phase.\necho \"SUCCESS\" > \"${SCRIPT_OUTPUT_FILE_0}\"\n";
			showEnvVarsInLog = 0;
		};
		F6D205F3B1156D6900271A8D /* [CP] Embed Pods Frameworks */ = {
			isa = PBXShellScriptBuildPhase;
			buildActionMask = 2147483647;
			files = (
			);
			inputFileListPaths = (
				"${PODS_ROOT}/Target Support Files/Pods-IChatVIP/Pods-IChatVIP-frameworks-${CONFIGURATION}-input-files.xcfilelist",
			);
			name = "[CP] Embed Pods Frameworks";
			outputFileListPaths = (
				"${PODS_ROOT}/Target Support Files/Pods-IChatVIP/Pods-IChatVIP-frameworks-${CONFIGURATION}-output-files.xcfilelist",
			);
			runOnlyForDeploymentPostprocessing = 0;
			shellPath = /bin/sh;
			shellScript = "\"${PODS_ROOT}/Target Support Files/Pods-IChatVIP/Pods-IChatVIP-frameworks.sh\"\n";
			showEnvVarsInLog = 0;
		};
		F88C7C83DD37DA5BA55FD263 /* [CP] Copy Pods Resources */ = {
			isa = PBXShellScriptBuildPhase;
			buildActionMask = 2147483647;
			files = (
			);
			inputFileListPaths = (
				"${PODS_ROOT}/Target Support Files/Pods-IChatVIP/Pods-IChatVIP-resources-${CONFIGURATION}-input-files.xcfilelist",
			);
			name = "[CP] Copy Pods Resources";
			outputFileListPaths = (
				"${PODS_ROOT}/Target Support Files/Pods-IChatVIP/Pods-IChatVIP-resources-${CONFIGURATION}-output-files.xcfilelist",
			);
			runOnlyForDeploymentPostprocessing = 0;
			shellPath = /bin/sh;
			shellScript = "\"${PODS_ROOT}/Target Support Files/Pods-IChatVIP/Pods-IChatVIP-resources.sh\"\n";
			showEnvVarsInLog = 0;
		};
/* End PBXShellScriptBuildPhase section */

/* Begin PBXSourcesBuildPhase section */
		D7F5C8BF260D2C5F00FC2B82 /* Sources */ = {
			isa = PBXSourcesBuildPhase;
			buildActionMask = 2147483647;
			files = (
				D7DCAF9126172A21004A33FD /* ProfileRouter.swift in Sources */,
				D7BD0ABE260FD8F400744F06 /* AuthVipViewController.swift in Sources */,
				D7BD0ABC260FD8F400744F06 /* AuthVipRouter.swift in Sources */,
				D7F5C905260D381F00FC2B82 /* OneLineTextFieldView.swift in Sources */,
				D7BD0ACC260FE10C00744F06 /* SignUpVipPresenter.swift in Sources */,
				D7BD0AE1260FE47000744F06 /* LoginVipModels.swift in Sources */,
				D7DCB00E2619B903004A33FD /* ChatsViewController.swift in Sources */,
				D7BD0ABD260FD8F400744F06 /* AuthVipModels.swift in Sources */,
				D7BD0ABB260FD8F400744F06 /* AuthVipWorker.swift in Sources */,
				D7DCAF842617293A004A33FD /* UserCell.swift in Sources */,
				D7BD0B21261086FB00744F06 /* MUser.swift in Sources */,
				D7DCAF3E26168B24004A33FD /* PeopleModels.swift in Sources */,
				D7DCAF3C26168B24004A33FD /* PeopleWorker.swift in Sources */,
				D7DCB00B2619B903004A33FD /* ChatsWorker.swift in Sources */,
				D7F5C913260E88DB00FC2B82 /* UISegmentedControl + Extension.swift in Sources */,
				D7DCAFA926172A99004A33FD /* InsertableTextField.swift in Sources */,
				D7DCB00D2619B903004A33FD /* ChatsModels.swift in Sources */,
				D7DCAF2A26168AC8004A33FD /* ListPresenter.swift in Sources */,
				D7DCAFA326172A46004A33FD /* ChatRequestViewController.swift in Sources */,
				D7DCAF9326172A21004A33FD /* ProfileViewController.swift in Sources */,
				D7BD0ACD260FE10C00744F06 /* SignUpVipWorker.swift in Sources */,
				D7BD0AF2260FF3B700744F06 /* SetupProfileVipPresenter.swift in Sources */,
				D7DCAF2B26168AC8004A33FD /* ListWorker.swift in Sources */,
				D7BD0AF3260FF3B700744F06 /* SetupProfileVipWorker.swift in Sources */,
				D7F5C918260E8ECA00FC2B82 /* MainTabBarViewController.swift in Sources */,
				D7BD0B252610883F00744F06 /* UserError.swift in Sources */,
				D7F5C8F0260D2D3900FC2B82 /* UIImageView + Extension.swift in Sources */,
				D7BD0ADF260FE47000744F06 /* LoginVipWorker.swift in Sources */,
				D7DCB00F2619B903004A33FD /* ChatsInteractor.swift in Sources */,
				D7DCAFD52617848C004A33FD /* StorageService.swift in Sources */,
				D7DCAF9226172A21004A33FD /* ProfileModels.swift in Sources */,
				D7DCAFD82617866A004A33FD /* UIImage+Extension.swift in Sources */,
				D7DCAF5D261722EE004A33FD /* GradientView.swift in Sources */,
				D7F5C8E9260D2D3900FC2B82 /* UIButton + Extension.swift in Sources */,
				D7BD0AFF260FF83D00744F06 /* AuthError.swift in Sources */,
				D7DCAF2D26168AC8004A33FD /* ListModels.swift in Sources */,
				D7DCAFA426172A46004A33FD /* ChatRequestInteractor.swift in Sources */,
				D7DCAFFB261881D5004A33FD /* MMessage.swift in Sources */,
				D7BD0A9D260E9CF700744F06 /* AuthService.swift in Sources */,
				D7BD0AFA260FF66300744F06 /* Validators.swift in Sources */,
				D7DCAF3F26168B24004A33FD /* PeopleViewController.swift in Sources */,
				D7BD0AE2260FE47000744F06 /* LoginVipViewController.swift in Sources */,
				D7BD0AF5260FF3B700744F06 /* SetupProfileVipModels.swift in Sources */,
				D7DCAF9026172A21004A33FD /* ProfileWorker.swift in Sources */,
				D7BD0ABA260FD8F400744F06 /* AuthVipPresenter.swift in Sources */,
				D7BD0AA0260E9FB600744F06 /* UIViewController + Extension.swift in Sources */,
				D7DCAF4A261720D0004A33FD /* MChat.swift in Sources */,
				D7DCAF5926172280004A33FD /* SelfConfiguringCell.swift in Sources */,
				D7DCB0152619D6B4004A33FD /* UIScrollView+Extension.swift in Sources */,
				D7DCAFA226172A46004A33FD /* ChatRequestModels.swift in Sources */,
				D7DCAF5526172240004A33FD /* WaitingChatCell.swift in Sources */,
				D7DCAF2C26168AC8004A33FD /* ListRouter.swift in Sources */,
				D7BD0AF7260FF3B700744F06 /* SetupProfileVipInteractor.swift in Sources */,
				D7DCAF8F26172A21004A33FD /* ProfilePresenter.swift in Sources */,
				D7BD0ACF260FE10C00744F06 /* SignUpVipModels.swift in Sources */,
				D7F5C8FE260D347300FC2B82 /* UIStackView + Extension.swift in Sources */,
				D7F5C910260D5C5800FC2B82 /* AddPhotoView.swift in Sources */,
				D7DCAF522617221D004A33FD /* ActiveChatCell.swift in Sources */,
				D7DCAF9F26172A46004A33FD /* ChatRequestPresenter.swift in Sources */,
				D7F5C8FB260D308000FC2B82 /* ButtonFormView.swift in Sources */,
				D7BD0AD1260FE10D00744F06 /* SignUpVipInteractor.swift in Sources */,
				D7DCAF2F26168AC8004A33FD /* ListInteractor.swift in Sources */,
				D7DCB00A2619B903004A33FD /* ChatsPresenter.swift in Sources */,
				D7DCAF2E26168AC8004A33FD /* ListViewController.swift in Sources */,
				D7DCAF4F261721FB004A33FD /* SectionHeader.swift in Sources */,
				D7BD0AE0260FE47000744F06 /* LoginVipRouter.swift in Sources */,
				D7F5C8C7260D2C5F00FC2B82 /* AppDelegate.swift in Sources */,
				D7DCB00C2619B903004A33FD /* ChatsRouter.swift in Sources */,
				D7DCAF4026168B24004A33FD /* PeopleInteractor.swift in Sources */,
				D7DCAFF826178DD2004A33FD /* ListenerService.swift in Sources */,
				D7BD0ADE260FE47000744F06 /* LoginVipPresenter.swift in Sources */,
				D7F5C8F2260D2D3900FC2B82 /* UIColor + Extension.swift in Sources */,
				D7BD0AE3260FE47000744F06 /* LoginVipInteractor.swift in Sources */,
				D7F5C8EF260D2D3900FC2B82 /* UILabel + Extension.swift in Sources */,
				D7BD0ACE260FE10C00744F06 /* SignUpVipRouter.swift in Sources */,
				D7DCAFA026172A46004A33FD /* ChatRequestWorker.swift in Sources */,
				D7BD0ABF260FD8F400744F06 /* AuthVipInteractor.swift in Sources */,
				D7BD0AF6260FF3B700744F06 /* SetupProfileVipViewController.swift in Sources */,
				D7DCAF9426172A21004A33FD /* ProfileInteractor.swift in Sources */,
				D7BD0B1D261085F900744F06 /* FirestoreService.swift in Sources */,
				D7BD0AD0260FE10D00744F06 /* SignUpVipViewController.swift in Sources */,
				D7DCAFFF26188200004A33FD /* MSender.swift in Sources */,
				D7DCAFA126172A46004A33FD /* ChatRequestRouter.swift in Sources */,
				D7DCAF3D26168B24004A33FD /* PeopleRouter.swift in Sources */,
				D7F5C8EB260D2D3900FC2B82 /* UIFont + Extension.swift in Sources */,
				D7DCAFAD26172AC3004A33FD /* UIView + Extension.swift in Sources */,
				D7DCAF3B26168B24004A33FD /* PeoplePresenter.swift in Sources */,
				D7BD0AF4260FF3B700744F06 /* SetupProfileVipRouter.swift in Sources */,
				D7F5C8C9260D2C5F00FC2B82 /* SceneDelegate.swift in Sources */,
			);
			runOnlyForDeploymentPostprocessing = 0;
		};
/* End PBXSourcesBuildPhase section */

/* Begin PBXVariantGroup section */
		D7F5C8D1260D2C6300FC2B82 /* LaunchScreen.storyboard */ = {
			isa = PBXVariantGroup;
			children = (
				D7F5C8D2260D2C6300FC2B82 /* Base */,
			);
			name = LaunchScreen.storyboard;
			sourceTree = "<group>";
		};
/* End PBXVariantGroup section */

/* Begin XCBuildConfiguration section */
		D7F5C8D5260D2C6300FC2B82 /* Debug */ = {
			isa = XCBuildConfiguration;
			buildSettings = {
				ALWAYS_SEARCH_USER_PATHS = NO;
				CLANG_ANALYZER_NONNULL = YES;
				CLANG_ANALYZER_NUMBER_OBJECT_CONVERSION = YES_AGGRESSIVE;
				CLANG_CXX_LANGUAGE_STANDARD = "gnu++14";
				CLANG_CXX_LIBRARY = "libc++";
				CLANG_ENABLE_MODULES = YES;
				CLANG_ENABLE_OBJC_ARC = YES;
				CLANG_ENABLE_OBJC_WEAK = YES;
				CLANG_WARN_BLOCK_CAPTURE_AUTORELEASING = YES;
				CLANG_WARN_BOOL_CONVERSION = YES;
				CLANG_WARN_COMMA = YES;
				CLANG_WARN_CONSTANT_CONVERSION = YES;
				CLANG_WARN_DEPRECATED_OBJC_IMPLEMENTATIONS = YES;
				CLANG_WARN_DIRECT_OBJC_ISA_USAGE = YES_ERROR;
				CLANG_WARN_DOCUMENTATION_COMMENTS = YES;
				CLANG_WARN_EMPTY_BODY = YES;
				CLANG_WARN_ENUM_CONVERSION = YES;
				CLANG_WARN_INFINITE_RECURSION = YES;
				CLANG_WARN_INT_CONVERSION = YES;
				CLANG_WARN_NON_LITERAL_NULL_CONVERSION = YES;
				CLANG_WARN_OBJC_IMPLICIT_RETAIN_SELF = YES;
				CLANG_WARN_OBJC_LITERAL_CONVERSION = YES;
				CLANG_WARN_OBJC_ROOT_CLASS = YES_ERROR;
				CLANG_WARN_QUOTED_INCLUDE_IN_FRAMEWORK_HEADER = YES;
				CLANG_WARN_RANGE_LOOP_ANALYSIS = YES;
				CLANG_WARN_STRICT_PROTOTYPES = YES;
				CLANG_WARN_SUSPICIOUS_MOVE = YES;
				CLANG_WARN_UNGUARDED_AVAILABILITY = YES_AGGRESSIVE;
				CLANG_WARN_UNREACHABLE_CODE = YES;
				CLANG_WARN__DUPLICATE_METHOD_MATCH = YES;
				COPY_PHASE_STRIP = NO;
				DEBUG_INFORMATION_FORMAT = dwarf;
				ENABLE_STRICT_OBJC_MSGSEND = YES;
				ENABLE_TESTABILITY = YES;
				GCC_C_LANGUAGE_STANDARD = gnu11;
				GCC_DYNAMIC_NO_PIC = NO;
				GCC_NO_COMMON_BLOCKS = YES;
				GCC_OPTIMIZATION_LEVEL = 0;
				GCC_PREPROCESSOR_DEFINITIONS = (
					"DEBUG=1",
					"$(inherited)",
				);
				GCC_WARN_64_TO_32_BIT_CONVERSION = YES;
				GCC_WARN_ABOUT_RETURN_TYPE = YES_ERROR;
				GCC_WARN_UNDECLARED_SELECTOR = YES;
				GCC_WARN_UNINITIALIZED_AUTOS = YES_AGGRESSIVE;
				GCC_WARN_UNUSED_FUNCTION = YES;
				GCC_WARN_UNUSED_VARIABLE = YES;
				IPHONEOS_DEPLOYMENT_TARGET = 14.4;
				MTL_ENABLE_DEBUG_INFO = INCLUDE_SOURCE;
				MTL_FAST_MATH = YES;
				ONLY_ACTIVE_ARCH = YES;
				SDKROOT = iphoneos;
				SWIFT_ACTIVE_COMPILATION_CONDITIONS = DEBUG;
				SWIFT_OPTIMIZATION_LEVEL = "-Onone";
			};
			name = Debug;
		};
		D7F5C8D6260D2C6300FC2B82 /* Release */ = {
			isa = XCBuildConfiguration;
			buildSettings = {
				ALWAYS_SEARCH_USER_PATHS = NO;
				CLANG_ANALYZER_NONNULL = YES;
				CLANG_ANALYZER_NUMBER_OBJECT_CONVERSION = YES_AGGRESSIVE;
				CLANG_CXX_LANGUAGE_STANDARD = "gnu++14";
				CLANG_CXX_LIBRARY = "libc++";
				CLANG_ENABLE_MODULES = YES;
				CLANG_ENABLE_OBJC_ARC = YES;
				CLANG_ENABLE_OBJC_WEAK = YES;
				CLANG_WARN_BLOCK_CAPTURE_AUTORELEASING = YES;
				CLANG_WARN_BOOL_CONVERSION = YES;
				CLANG_WARN_COMMA = YES;
				CLANG_WARN_CONSTANT_CONVERSION = YES;
				CLANG_WARN_DEPRECATED_OBJC_IMPLEMENTATIONS = YES;
				CLANG_WARN_DIRECT_OBJC_ISA_USAGE = YES_ERROR;
				CLANG_WARN_DOCUMENTATION_COMMENTS = YES;
				CLANG_WARN_EMPTY_BODY = YES;
				CLANG_WARN_ENUM_CONVERSION = YES;
				CLANG_WARN_INFINITE_RECURSION = YES;
				CLANG_WARN_INT_CONVERSION = YES;
				CLANG_WARN_NON_LITERAL_NULL_CONVERSION = YES;
				CLANG_WARN_OBJC_IMPLICIT_RETAIN_SELF = YES;
				CLANG_WARN_OBJC_LITERAL_CONVERSION = YES;
				CLANG_WARN_OBJC_ROOT_CLASS = YES_ERROR;
				CLANG_WARN_QUOTED_INCLUDE_IN_FRAMEWORK_HEADER = YES;
				CLANG_WARN_RANGE_LOOP_ANALYSIS = YES;
				CLANG_WARN_STRICT_PROTOTYPES = YES;
				CLANG_WARN_SUSPICIOUS_MOVE = YES;
				CLANG_WARN_UNGUARDED_AVAILABILITY = YES_AGGRESSIVE;
				CLANG_WARN_UNREACHABLE_CODE = YES;
				CLANG_WARN__DUPLICATE_METHOD_MATCH = YES;
				COPY_PHASE_STRIP = NO;
				DEBUG_INFORMATION_FORMAT = "dwarf-with-dsym";
				ENABLE_NS_ASSERTIONS = NO;
				ENABLE_STRICT_OBJC_MSGSEND = YES;
				GCC_C_LANGUAGE_STANDARD = gnu11;
				GCC_NO_COMMON_BLOCKS = YES;
				GCC_WARN_64_TO_32_BIT_CONVERSION = YES;
				GCC_WARN_ABOUT_RETURN_TYPE = YES_ERROR;
				GCC_WARN_UNDECLARED_SELECTOR = YES;
				GCC_WARN_UNINITIALIZED_AUTOS = YES_AGGRESSIVE;
				GCC_WARN_UNUSED_FUNCTION = YES;
				GCC_WARN_UNUSED_VARIABLE = YES;
				IPHONEOS_DEPLOYMENT_TARGET = 14.4;
				MTL_ENABLE_DEBUG_INFO = NO;
				MTL_FAST_MATH = YES;
				SDKROOT = iphoneos;
				SWIFT_COMPILATION_MODE = wholemodule;
				SWIFT_OPTIMIZATION_LEVEL = "-O";
				VALIDATE_PRODUCT = YES;
			};
			name = Release;
		};
		D7F5C8D8260D2C6300FC2B82 /* Debug */ = {
			isa = XCBuildConfiguration;
			baseConfigurationReference = 55B1AD40387898B3C6D6995C /* Pods-IChatVIP.debug.xcconfig */;
			buildSettings = {
				ASSETCATALOG_COMPILER_APPICON_NAME = AppIcon;
				ASSETCATALOG_COMPILER_GLOBAL_ACCENT_COLOR_NAME = AccentColor;
				CODE_SIGN_STYLE = Automatic;
				DEVELOPMENT_TEAM = 5KM34KGGDU;
				INFOPLIST_FILE = IChatVIP/Info.plist;
				IPHONEOS_DEPLOYMENT_TARGET = 14.4;
				LD_RUNPATH_SEARCH_PATHS = (
					"$(inherited)",
					"@executable_path/Frameworks",
				);
				PRODUCT_BUNDLE_IDENTIFIER = badmaev.IChatVIP;
				PRODUCT_NAME = "$(TARGET_NAME)";
				SWIFT_VERSION = 5.0;
				TARGETED_DEVICE_FAMILY = "1,2";
			};
			name = Debug;
		};
		D7F5C8D9260D2C6300FC2B82 /* Release */ = {
			isa = XCBuildConfiguration;
			baseConfigurationReference = 7C08A13B6ADD8E7E5B9CF976 /* Pods-IChatVIP.release.xcconfig */;
			buildSettings = {
				ASSETCATALOG_COMPILER_APPICON_NAME = AppIcon;
				ASSETCATALOG_COMPILER_GLOBAL_ACCENT_COLOR_NAME = AccentColor;
				CODE_SIGN_STYLE = Automatic;
				DEVELOPMENT_TEAM = 5KM34KGGDU;
				INFOPLIST_FILE = IChatVIP/Info.plist;
				IPHONEOS_DEPLOYMENT_TARGET = 14.4;
				LD_RUNPATH_SEARCH_PATHS = (
					"$(inherited)",
					"@executable_path/Frameworks",
				);
				PRODUCT_BUNDLE_IDENTIFIER = badmaev.IChatVIP;
				PRODUCT_NAME = "$(TARGET_NAME)";
				SWIFT_VERSION = 5.0;
				TARGETED_DEVICE_FAMILY = "1,2";
			};
			name = Release;
		};
/* End XCBuildConfiguration section */

/* Begin XCConfigurationList section */
		D7F5C8BE260D2C5F00FC2B82 /* Build configuration list for PBXProject "IChatVIP" */ = {
			isa = XCConfigurationList;
			buildConfigurations = (
				D7F5C8D5260D2C6300FC2B82 /* Debug */,
				D7F5C8D6260D2C6300FC2B82 /* Release */,
			);
			defaultConfigurationIsVisible = 0;
			defaultConfigurationName = Release;
		};
		D7F5C8D7260D2C6300FC2B82 /* Build configuration list for PBXNativeTarget "IChatVIP" */ = {
			isa = XCConfigurationList;
			buildConfigurations = (
				D7F5C8D8260D2C6300FC2B82 /* Debug */,
				D7F5C8D9260D2C6300FC2B82 /* Release */,
			);
			defaultConfigurationIsVisible = 0;
			defaultConfigurationName = Release;
		};
/* End XCConfigurationList section */
	};
	rootObject = D7F5C8BB260D2C5F00FC2B82 /* Project object */;
}
